
Microsoft Visual Studio Solution File, Format Version 12.00
# Visual Studio Version 16
VisualStudioVersion = 16.0.30804.86
MinimumVisualStudioVersion = 10.0.40219.1
Project("{FAE04EC0-301F-11D3-BF4B-00C04F79EFBC}") = "Ex03.GarageLogic", "Ex03.GarageLogic\Ex03.GarageLogic.csproj", "{FE2CBEA4-D68E-498B-AF0D-DF2343222354}"
EndProject
Project("{FAE04EC0-301F-11D3-BF4B-00C04F79EFBC}") = "Ex03.ConsoleUI", "Ex03.ConsoleUI\Ex03.ConsoleUI.csproj", "{5AE61FAE-1755-42EC-9ABD-AFF372DD1FC9}"
EndProject
Global
	GlobalSection(SolutionConfigurationPlatforms) = preSolution
		Debug|Any CPU = Debug|Any CPU
		Release|Any CPU = Release|Any CPU
	EndGlobalSection
	GlobalSection(ProjectConfigurationPlatforms) = postSolution
		{FE2CBEA4-D68E-498B-AF0D-DF2343222354}.Debug|Any CPU.ActiveCfg = Debug|Any CPU
		{FE2CBEA4-D68E-498B-AF0D-DF2343222354}.Debug|Any CPU.Build.0 = Debug|Any CPU
		{FE2CBEA4-D68E-498B-AF0D-DF2343222354}.Release|Any CPU.ActiveCfg = Release|Any CPU
		{FE2CBEA4-D68E-498B-AF0D-DF2343222354}.Release|Any CPU.Build.0 = Release|Any CPU
		{5AE61FAE-1755-42EC-9ABD-AFF372DD1FC9}.Debug|Any CPU.ActiveCfg = Debug|Any CPU
		{5AE61FAE-1755-42EC-9ABD-AFF372DD1FC9}.Debug|Any CPU.Build.0 = Debug|Any CPU
		{5AE61FAE-1755-42EC-9ABD-AFF372DD1FC9}.Release|Any CPU.ActiveCfg = Release|Any CPU
		{5AE61FAE-1755-42EC-9ABD-AFF372DD1FC9}.Release|Any CPU.Build.0 = Release|Any CPU
	EndGlobalSection
	GlobalSection(SolutionProperties) = preSolution
		HideSolutionNode = FALSE
	EndGlobalSection
	GlobalSection(ExtensibilityGlobals) = postSolution
		SolutionGuid = {A24DE3CA-8116-471F-B34E-C1B8262C75A3}
	EndGlobalSection
EndGlobal
